
Microsoft Visual Studio Solution File, Format Version 12.00
# Visual Studio 14
VisualStudioVersion = 14.0.25420.1
MinimumVisualStudioVersion = 10.0.40219.1
Project("{FAE04EC0-301F-11D3-BF4B-00C04F79EFBC}") = "photoResizer", "photoResizer\photoResizer.csproj", "{3B1BD273-29A7-40A8-B98F-F75EB8E9FF6D}"
EndProject
Project("{FAE04EC0-301F-11D3-BF4B-00C04F79EFBC}") = "WebApplication", "WebApplication\WebApplication.csproj", "{4D70071B-41A9-4DF8-BD1B-84ACAE46E930}"
EndProject
Global
	GlobalSection(SolutionConfigurationPlatforms) = preSolution
		Debug|Any CPU = Debug|Any CPU
		Release|Any CPU = Release|Any CPU
	EndGlobalSection
	GlobalSection(ProjectConfigurationPlatforms) = postSolution
		{3B1BD273-29A7-40A8-B98F-F75EB8E9FF6D}.Debug|Any CPU.ActiveCfg = Debug|Any CPU
		{3B1BD273-29A7-40A8-B98F-F75EB8E9FF6D}.Debug|Any CPU.Build.0 = Debug|Any CPU
		{3B1BD273-29A7-40A8-B98F-F75EB8E9FF6D}.Release|Any CPU.ActiveCfg = Release|Any CPU
		{3B1BD273-29A7-40A8-B98F-F75EB8E9FF6D}.Release|Any CPU.Build.0 = Release|Any CPU
		{4D70071B-41A9-4DF8-BD1B-84ACAE46E930}.Debug|Any CPU.ActiveCfg = Debug|Any CPU
		{4D70071B-41A9-4DF8-BD1B-84ACAE46E930}.Debug|Any CPU.Build.0 = Debug|Any CPU
		{4D70071B-41A9-4DF8-BD1B-84ACAE46E930}.Release|Any CPU.ActiveCfg = Release|Any CPU
		{4D70071B-41A9-4DF8-BD1B-84ACAE46E930}.Release|Any CPU.Build.0 = Release|Any CPU
	EndGlobalSection
	GlobalSection(SolutionProperties) = preSolution
		HideSolutionNode = FALSE
	EndGlobalSection
EndGlobal
